// !$*UTF8*$!
{
	archiveVersion = 1;
	classes = {
	};
	objectVersion = 56;
	objects = {

/* Begin PBXBuildFile section */
		1D98D7AC2B3D15F800EA606A /* WidgetDemoApp.swift in Sources */ = {isa = PBXBuildFile; fileRef = 1D98D7AB2B3D15F800EA606A /* WidgetDemoApp.swift */; };
		1D98D7AE2B3D15F800EA606A /* ContentView.swift in Sources */ = {isa = PBXBuildFile; fileRef = 1D98D7AD2B3D15F800EA606A /* ContentView.swift */; };
		1D98D7B02B3D15FA00EA606A /* Assets.xcassets in Resources */ = {isa = PBXBuildFile; fileRef = 1D98D7AF2B3D15FA00EA606A /* Assets.xcassets */; };
		1D98D7B32B3D15FA00EA606A /* Preview Assets.xcassets in Resources */ = {isa = PBXBuildFile; fileRef = 1D98D7B22B3D15FA00EA606A /* Preview Assets.xcassets */; };
		1D98D7C02B3D163100EA606A /* WidgetKit.framework in Frameworks */ = {isa = PBXBuildFile; fileRef = 1D98D7BF2B3D163100EA606A /* WidgetKit.framework */; };
		1D98D7C22B3D163100EA606A /* SwiftUI.framework in Frameworks */ = {isa = PBXBuildFile; fileRef = 1D98D7C12B3D163100EA606A /* SwiftUI.framework */; };
		1D98D7C52B3D163100EA606A /* WeatherWidgetBundle.swift in Sources */ = {isa = PBXBuildFile; fileRef = 1D98D7C42B3D163100EA606A /* WeatherWidgetBundle.swift */; };
		1D98D7C72B3D163100EA606A /* WeatherWidgetLiveActivity.swift in Sources */ = {isa = PBXBuildFile; fileRef = 1D98D7C62B3D163100EA606A /* WeatherWidgetLiveActivity.swift */; };
		1D98D7C92B3D163100EA606A /* WeatherWidget.swift in Sources */ = {isa = PBXBuildFile; fileRef = 1D98D7C82B3D163100EA606A /* WeatherWidget.swift */; };
		1D98D7CB2B3D163100EA606A /* AppIntent.swift in Sources */ = {isa = PBXBuildFile; fileRef = 1D98D7CA2B3D163100EA606A /* AppIntent.swift */; };
		1D98D7CD2B3D163200EA606A /* Assets.xcassets in Resources */ = {isa = PBXBuildFile; fileRef = 1D98D7CC2B3D163200EA606A /* Assets.xcassets */; };
		1D98D7D12B3D163200EA606A /* WeatherWidgetExtension.appex in Embed Foundation Extensions */ = {isa = PBXBuildFile; fileRef = 1D98D7BD2B3D163100EA606A /* WeatherWidgetExtension.appex */; settings = {ATTRIBUTES = (RemoveHeadersOnCopy, ); }; };
		1D98D7D72B3D170000EA606A /* WeatherDetailView.swift in Sources */ = {isa = PBXBuildFile; fileRef = 1D98D7D62B3D16FF00EA606A /* WeatherDetailView.swift */; };
		1D98D81B2B3D61B500EA606A /* WeatherData.swift in Sources */ = {isa = PBXBuildFile; fileRef = 1D98D81A2B3D61B500EA606A /* WeatherData.swift */; };
		1D98D81C2B3D61B500EA606A /* WeatherData.swift in Sources */ = {isa = PBXBuildFile; fileRef = 1D98D81A2B3D61B500EA606A /* WeatherData.swift */; };
/* End PBXBuildFile section */

/* Begin PBXContainerItemProxy section */
		1D98D7CF2B3D163200EA606A /* PBXContainerItemProxy */ = {
			isa = PBXContainerItemProxy;
			containerPortal = 1D98D7A02B3D15F800EA606A /* Project object */;
			proxyType = 1;
			remoteGlobalIDString = 1D98D7BC2B3D163100EA606A;
			remoteInfo = WeatherWidgetExtension;
		};
/* End PBXContainerItemProxy section */

/* Begin PBXCopyFilesBuildPhase section */
		1D98D7D52B3D163200EA606A /* Embed Foundation Extensions */ = {
			isa = PBXCopyFilesBuildPhase;
			buildActionMask = 2147483647;
			dstPath = "";
			dstSubfolderSpec = 13;
			files = (
				1D98D7D12B3D163200EA606A /* WeatherWidgetExtension.appex in Embed Foundation Extensions */,
			);
			name = "Embed Foundation Extensions";
			runOnlyForDeploymentPostprocessing = 0;
		};
/* End PBXCopyFilesBuildPhase section */

/* Begin PBXFileReference section */
		1D98D7A82B3D15F800EA606A /* WidgetDemo.app */ = {isa = PBXFileReference; explicitFileType = wrapper.application; includeInIndex = 0; path = WidgetDemo.app; sourceTree = BUILT_PRODUCTS_DIR; };
		1D98D7AB2B3D15F800EA606A /* WidgetDemoApp.swift */ = {isa = PBXFileReference; lastKnownFileType = sourcecode.swift; path = WidgetDemoApp.swift; sourceTree = "<group>"; };
		1D98D7AD2B3D15F800EA606A /* ContentView.swift */ = {isa = PBXFileReference; lastKnownFileType = sourcecode.swift; path = ContentView.swift; sourceTree = "<group>"; };
		1D98D7AF2B3D15FA00EA606A /* Assets.xcassets */ = {isa = PBXFileReference; lastKnownFileType = folder.assetcatalog; path = Assets.xcassets; sourceTree = "<group>"; };
		1D98D7B22B3D15FA00EA606A /* Preview Assets.xcassets */ = {isa = PBXFileReference; lastKnownFileType = folder.assetcatalog; path = "Preview Assets.xcassets"; sourceTree = "<group>"; };
		1D98D7BD2B3D163100EA606A /* WeatherWidgetExtension.appex */ = {isa = PBXFileReference; explicitFileType = "wrapper.app-extension"; includeInIndex = 0; path = WeatherWidgetExtension.appex; sourceTree = BUILT_PRODUCTS_DIR; };
		1D98D7BF2B3D163100EA606A /* WidgetKit.framework */ = {isa = PBXFileReference; lastKnownFileType = wrapper.framework; name = WidgetKit.framework; path = System/Library/Frameworks/WidgetKit.framework; sourceTree = SDKROOT; };
		1D98D7C12B3D163100EA606A /* SwiftUI.framework */ = {isa = PBXFileReference; lastKnownFileType = wrapper.framework; name = SwiftUI.framework; path = System/Library/Frameworks/SwiftUI.framework; sourceTree = SDKROOT; };
		1D98D7C42B3D163100EA606A /* WeatherWidgetBundle.swift */ = {isa = PBXFileReference; lastKnownFileType = sourcecode.swift; path = WeatherWidgetBundle.swift; sourceTree = "<group>"; };
		1D98D7C62B3D163100EA606A /* WeatherWidgetLiveActivity.swift */ = {isa = PBXFileReference; lastKnownFileType = sourcecode.swift; path = WeatherWidgetLiveActivity.swift; sourceTree = "<group>"; };
		1D98D7C82B3D163100EA606A /* WeatherWidget.swift */ = {isa = PBXFileReference; lastKnownFileType = sourcecode.swift; path = WeatherWidget.swift; sourceTree = "<group>"; };
		1D98D7CA2B3D163100EA606A /* AppIntent.swift */ = {isa = PBXFileReference; lastKnownFileType = sourcecode.swift; path = AppIntent.swift; sourceTree = "<group>"; };
		1D98D7CC2B3D163200EA606A /* Assets.xcassets */ = {isa = PBXFileReference; lastKnownFileType = folder.assetcatalog; path = Assets.xcassets; sourceTree = "<group>"; };
		1D98D7CE2B3D163200EA606A /* Info.plist */ = {isa = PBXFileReference; lastKnownFileType = text.plist.xml; path = Info.plist; sourceTree = "<group>"; };
		1D98D7D62B3D16FF00EA606A /* WeatherDetailView.swift */ = {isa = PBXFileReference; lastKnownFileType = sourcecode.swift; path = WeatherDetailView.swift; sourceTree = "<group>"; };
		1D98D81A2B3D61B500EA606A /* WeatherData.swift */ = {isa = PBXFileReference; lastKnownFileType = sourcecode.swift; path = WeatherData.swift; sourceTree = "<group>"; };
/* End PBXFileReference section */

/* Begin PBXFrameworksBuildPhase section */
		1D98D7A52B3D15F800EA606A /* Frameworks */ = {
			isa = PBXFrameworksBuildPhase;
			buildActionMask = 2147483647;
			files = (
			);
			runOnlyForDeploymentPostprocessing = 0;
		};
		1D98D7BA2B3D163100EA606A /* Frameworks */ = {
			isa = PBXFrameworksBuildPhase;
			buildActionMask = 2147483647;
			files = (
				1D98D7C22B3D163100EA606A /* SwiftUI.framework in Frameworks */,
				1D98D7C02B3D163100EA606A /* WidgetKit.framework in Frameworks */,
			);
			runOnlyForDeploymentPostprocessing = 0;
		};
/* End PBXFrameworksBuildPhase section */

/* Begin PBXGroup section */
		1D98D79F2B3D15F800EA606A = {
			isa = PBXGroup;
			children = (
				1D98D7AA2B3D15F800EA606A /* WidgetDemo */,
				1D98D7C32B3D163100EA606A /* WeatherWidget */,
				1D98D7BE2B3D163100EA606A /* Frameworks */,
				1D98D7A92B3D15F800EA606A /* Products */,
			);
			sourceTree = "<group>";
		};
		1D98D7A92B3D15F800EA606A /* Products */ = {
			isa = PBXGroup;
			children = (
				1D98D7A82B3D15F800EA606A /* WidgetDemo.app */,
				1D98D7BD2B3D163100EA606A /* WeatherWidgetExtension.appex */,
			);
			name = Products;
			sourceTree = "<group>";
		};
		1D98D7AA2B3D15F800EA606A /* WidgetDemo */ = {
			isa = PBXGroup;
			children = (
				1D98D7AB2B3D15F800EA606A /* WidgetDemoApp.swift */,
				1D98D7AD2B3D15F800EA606A /* ContentView.swift */,
				1D98D7D62B3D16FF00EA606A /* WeatherDetailView.swift */,
				1D98D81A2B3D61B500EA606A /* WeatherData.swift */,
				1D98D7AF2B3D15FA00EA606A /* Assets.xcassets */,
				1D98D7B12B3D15FA00EA606A /* Preview Content */,
			);
			path = WidgetDemo;
			sourceTree = "<group>";
		};
		1D98D7B12B3D15FA00EA606A /* Preview Content */ = {
			isa = PBXGroup;
			children = (
				1D98D7B22B3D15FA00EA606A /* Preview Assets.xcassets */,
			);
			path = "Preview Content";
			sourceTree = "<group>";
		};
		1D98D7BE2B3D163100EA606A /* Frameworks */ = {
			isa = PBXGroup;
			children = (
				1D98D7BF2B3D163100EA606A /* WidgetKit.framework */,
				1D98D7C12B3D163100EA606A /* SwiftUI.framework */,
			);
			name = Frameworks;
			sourceTree = "<group>";
		};
		1D98D7C32B3D163100EA606A /* WeatherWidget */ = {
			isa = PBXGroup;
			children = (
				1D98D7C42B3D163100EA606A /* WeatherWidgetBundle.swift */,
				1D98D7C62B3D163100EA606A /* WeatherWidgetLiveActivity.swift */,
				1D98D7C82B3D163100EA606A /* WeatherWidget.swift */,
				1D98D7CA2B3D163100EA606A /* AppIntent.swift */,
				1D98D7CC2B3D163200EA606A /* Assets.xcassets */,
				1D98D7CE2B3D163200EA606A /* Info.plist */,
			);
			path = WeatherWidget;
			sourceTree = "<group>";
		};
/* End PBXGroup section */

/* Begin PBXNativeTarget section */
		1D98D7A72B3D15F800EA606A /* WidgetDemo */ = {
			isa = PBXNativeTarget;
			buildConfigurationList = 1D98D7B62B3D15FA00EA606A /* Build configuration list for PBXNativeTarget "WidgetDemo" */;
			buildPhases = (
				1D98D7A42B3D15F800EA606A /* Sources */,
				1D98D7A52B3D15F800EA606A /* Frameworks */,
				1D98D7A62B3D15F800EA606A /* Resources */,
				1D98D7D52B3D163200EA606A /* Embed Foundation Extensions */,
			);
			buildRules = (
			);
			dependencies = (
				1D98D7D02B3D163200EA606A /* PBXTargetDependency */,
			);
			name = WidgetDemo;
			productName = WidgetDemo;
			productReference = 1D98D7A82B3D15F800EA606A /* WidgetDemo.app */;
			productType = "com.apple.product-type.application";
		};
		1D98D7BC2B3D163100EA606A /* WeatherWidgetExtension */ = {
			isa = PBXNativeTarget;
			buildConfigurationList = 1D98D7D22B3D163200EA606A /* Build configuration list for PBXNativeTarget "WeatherWidgetExtension" */;
			buildPhases = (
				1D98D7B92B3D163100EA606A /* Sources */,
				1D98D7BA2B3D163100EA606A /* Frameworks */,
				1D98D7BB2B3D163100EA606A /* Resources */,
			);
			buildRules = (
			);
			dependencies = (
			);
			name = WeatherWidgetExtension;
			productName = WeatherWidgetExtension;
			productReference = 1D98D7BD2B3D163100EA606A /* WeatherWidgetExtension.appex */;
			productType = "com.apple.product-type.app-extension";
		};
/* End PBXNativeTarget section */

/* Begin PBXProject section */
		1D98D7A02B3D15F800EA606A /* Project object */ = {
			isa = PBXProject;
			attributes = {
				BuildIndependentTargetsInParallel = 1;
				LastSwiftUpdateCheck = 1500;
				LastUpgradeCheck = 1500;
				TargetAttributes = {
					1D98D7A72B3D15F800EA606A = {
						CreatedOnToolsVersion = 15.0.1;
					};
					1D98D7BC2B3D163100EA606A = {
						CreatedOnToolsVersion = 15.0.1;
					};
				};
			};
			buildConfigurationList = 1D98D7A32B3D15F800EA606A /* Build configuration list for PBXProject "WidgetDemo" */;
			compatibilityVersion = "Xcode 14.0";
			developmentRegion = en;
			hasScannedForEncodings = 0;
			knownRegions = (
				en,
				Base,
			);
			mainGroup = 1D98D79F2B3D15F800EA606A;
			productRefGroup = 1D98D7A92B3D15F800EA606A /* Products */;
			projectDirPath = "";
			projectRoot = "";
			targets = (
				1D98D7A72B3D15F800EA606A /* WidgetDemo */,
				1D98D7BC2B3D163100EA606A /* WeatherWidgetExtension */,
			);
		};
/* End PBXProject section */

/* Begin PBXResourcesBuildPhase section */
		1D98D7A62B3D15F800EA606A /* Resources */ = {
			isa = PBXResourcesBuildPhase;
			buildActionMask = 2147483647;
			files = (
				1D98D7B32B3D15FA00EA606A /* Preview Assets.xcassets in Resources */,
				1D98D7B02B3D15FA00EA606A /* Assets.xcassets in Resources */,
			);
			runOnlyForDeploymentPostprocessing = 0;
		};
		1D98D7BB2B3D163100EA606A /* Resources */ = {
			isa = PBXResourcesBuildPhase;
			buildActionMask = 2147483647;
			files = (
				1D98D7CD2B3D163200EA606A /* Assets.xcassets in Resources */,
			);
			runOnlyForDeploymentPostprocessing = 0;
		};
/* End PBXResourcesBuildPhase section */

/* Begin PBXSourcesBuildPhase section */
		1D98D7A42B3D15F800EA606A /* Sources */ = {
			isa = PBXSourcesBuildPhase;
			buildActionMask = 2147483647;
			files = (
				1D98D7AE2B3D15F800EA606A /* ContentView.swift in Sources */,
				1D98D7AC2B3D15F800EA606A /* WidgetDemoApp.swift in Sources */,
				1D98D81B2B3D61B500EA606A /* WeatherData.swift in Sources */,
				1D98D7D72B3D170000EA606A /* WeatherDetailView.swift in Sources */,
			);
			runOnlyForDeploymentPostprocessing = 0;
		};
		1D98D7B92B3D163100EA606A /* Sources */ = {
			isa = PBXSourcesBuildPhase;
			buildActionMask = 2147483647;
			files = (
				1D98D7C52B3D163100EA606A /* WeatherWidgetBundle.swift in Sources */,
				1D98D81C2B3D61B500EA606A /* WeatherData.swift in Sources */,
				1D98D7CB2B3D163100EA606A /* AppIntent.swift in Sources */,
				1D98D7C72B3D163100EA606A /* WeatherWidgetLiveActivity.swift in Sources */,
				1D98D7C92B3D163100EA606A /* WeatherWidget.swift in Sources */,
			);
			runOnlyForDeploymentPostprocessing = 0;
		};
/* End PBXSourcesBuildPhase section */

/* Begin PBXTargetDependency section */
		1D98D7D02B3D163200EA606A /* PBXTargetDependency */ = {
			isa = PBXTargetDependency;
			target = 1D98D7BC2B3D163100EA606A /* WeatherWidgetExtension */;
			targetProxy = 1D98D7CF2B3D163200EA606A /* PBXContainerItemProxy */;
		};
/* End PBXTargetDependency section */

/* Begin XCBuildConfiguration section */
		1D98D7B42B3D15FA00EA606A /* Debug */ = {
			isa = XCBuildConfiguration;
			buildSettings = {
				ALWAYS_SEARCH_USER_PATHS = NO;
				ASSETCATALOG_COMPILER_GENERATE_SWIFT_ASSET_SYMBOL_EXTENSIONS = YES;
				CLANG_ANALYZER_NONNULL = YES;
				CLANG_ANALYZER_NUMBER_OBJECT_CONVERSION = YES_AGGRESSIVE;
				CLANG_CXX_LANGUAGE_STANDARD = "gnu++20";
				CLANG_ENABLE_MODULES = YES;
				CLANG_ENABLE_OBJC_ARC = YES;
				CLANG_ENABLE_OBJC_WEAK = YES;
				CLANG_WARN_BLOCK_CAPTURE_AUTORELEASING = YES;
				CLANG_WARN_BOOL_CONVERSION = YES;
				CLANG_WARN_COMMA = YES;
				CLANG_WARN_CONSTANT_CONVERSION = YES;
				CLANG_WARN_DEPRECATED_OBJC_IMPLEMENTATIONS = YES;
				CLANG_WARN_DIRECT_OBJC_ISA_USAGE = YES_ERROR;
				CLANG_WARN_DOCUMENTATION_COMMENTS = YES;
				CLANG_WARN_EMPTY_BODY = YES;
				CLANG_WARN_ENUM_CONVERSION = YES;
				CLANG_WARN_INFINITE_RECURSION = YES;
				CLANG_WARN_INT_CONVERSION = YES;
				CLANG_WARN_NON_LITERAL_NULL_CONVERSION = YES;
				CLANG_WARN_OBJC_IMPLICIT_RETAIN_SELF = YES;
				CLANG_WARN_OBJC_LITERAL_CONVERSION = YES;
				CLANG_WARN_OBJC_ROOT_CLASS = YES_ERROR;
				CLANG_WARN_QUOTED_INCLUDE_IN_FRAMEWORK_HEADER = YES;
				CLANG_WARN_RANGE_LOOP_ANALYSIS = YES;
				CLANG_WARN_STRICT_PROTOTYPES = YES;
				CLANG_WARN_SUSPICIOUS_MOVE = YES;
				CLANG_WARN_UNGUARDED_AVAILABILITY = YES_AGGRESSIVE;
				CLANG_WARN_UNREACHABLE_CODE = YES;
				CLANG_WARN__DUPLICATE_METHOD_MATCH = YES;
				COPY_PHASE_STRIP = NO;
				DEBUG_INFORMATION_FORMAT = dwarf;
				ENABLE_STRICT_OBJC_MSGSEND = YES;
				ENABLE_TESTABILITY = YES;
				ENABLE_USER_SCRIPT_SANDBOXING = YES;
				GCC_C_LANGUAGE_STANDARD = gnu17;
				GCC_DYNAMIC_NO_PIC = NO;
				GCC_NO_COMMON_BLOCKS = YES;
				GCC_OPTIMIZATION_LEVEL = 0;
				GCC_PREPROCESSOR_DEFINITIONS = (
					"DEBUG=1",
					"$(inherited)",
				);
				GCC_WARN_64_TO_32_BIT_CONVERSION = YES;
				GCC_WARN_ABOUT_RETURN_TYPE = YES_ERROR;
				GCC_WARN_UNDECLARED_SELECTOR = YES;
				GCC_WARN_UNINITIALIZED_AUTOS = YES_AGGRESSIVE;
				GCC_WARN_UNUSED_FUNCTION = YES;
				GCC_WARN_UNUSED_VARIABLE = YES;
				IPHONEOS_DEPLOYMENT_TARGET = 17.0;
				LOCALIZATION_PREFERS_STRING_CATALOGS = YES;
				MTL_ENABLE_DEBUG_INFO = INCLUDE_SOURCE;
				MTL_FAST_MATH = YES;
				ONLY_ACTIVE_ARCH = YES;
				SDKROOT = iphoneos;
				SWIFT_ACTIVE_COMPILATION_CONDITIONS = "DEBUG $(inherited)";
				SWIFT_OPTIMIZATION_LEVEL = "-Onone";
			};
			name = Debug;
		};
		1D98D7B52B3D15FA00EA606A /* Release */ = {
			isa = XCBuildConfiguration;
			buildSettings = {
				ALWAYS_SEARCH_USER_PATHS = NO;
				ASSETCATALOG_COMPILER_GENERATE_SWIFT_ASSET_SYMBOL_EXTENSIONS = YES;
				CLANG_ANALYZER_NONNULL = YES;
				CLANG_ANALYZER_NUMBER_OBJECT_CONVERSION = YES_AGGRESSIVE;
				CLANG_CXX_LANGUAGE_STANDARD = "gnu++20";
				CLANG_ENABLE_MODULES = YES;
				CLANG_ENABLE_OBJC_ARC = YES;
				CLANG_ENABLE_OBJC_WEAK = YES;
				CLANG_WARN_BLOCK_CAPTURE_AUTORELEASING = YES;
				CLANG_WARN_BOOL_CONVERSION = YES;
				CLANG_WARN_COMMA = YES;
				CLANG_WARN_CONSTANT_CONVERSION = YES;
				CLANG_WARN_DEPRECATED_OBJC_IMPLEMENTATIONS = YES;
				CLANG_WARN_DIRECT_OBJC_ISA_USAGE = YES_ERROR;
				CLANG_WARN_DOCUMENTATION_COMMENTS = YES;
				CLANG_WARN_EMPTY_BODY = YES;
				CLANG_WARN_ENUM_CONVERSION = YES;
				CLANG_WARN_INFINITE_RECURSION = YES;
				CLANG_WARN_INT_CONVERSION = YES;
				CLANG_WARN_NON_LITERAL_NULL_CONVERSION = YES;
				CLANG_WARN_OBJC_IMPLICIT_RETAIN_SELF = YES;
				CLANG_WARN_OBJC_LITERAL_CONVERSION = YES;
				CLANG_WARN_OBJC_ROOT_CLASS = YES_ERROR;
				CLANG_WARN_QUOTED_INCLUDE_IN_FRAMEWORK_HEADER = YES;
				CLANG_WARN_RANGE_LOOP_ANALYSIS = YES;
				CLANG_WARN_STRICT_PROTOTYPES = YES;
				CLANG_WARN_SUSPICIOUS_MOVE = YES;
				CLANG_WARN_UNGUARDED_AVAILABILITY = YES_AGGRESSIVE;
				CLANG_WARN_UNREACHABLE_CODE = YES;
				CLANG_WARN__DUPLICATE_METHOD_MATCH = YES;
				COPY_PHASE_STRIP = NO;
				DEBUG_INFORMATION_FORMAT = "dwarf-with-dsym";
				ENABLE_NS_ASSERTIONS = NO;
				ENABLE_STRICT_OBJC_MSGSEND = YES;
				ENABLE_USER_SCRIPT_SANDBOXING = YES;
				GCC_C_LANGUAGE_STANDARD = gnu17;
				GCC_NO_COMMON_BLOCKS = YES;
				GCC_WARN_64_TO_32_BIT_CONVERSION = YES;
				GCC_WARN_ABOUT_RETURN_TYPE = YES_ERROR;
				GCC_WARN_UNDECLARED_SELECTOR = YES;
				GCC_WARN_UNINITIALIZED_AUTOS = YES_AGGRESSIVE;
				GCC_WARN_UNUSED_FUNCTION = YES;
				GCC_WARN_UNUSED_VARIABLE = YES;
				IPHONEOS_DEPLOYMENT_TARGET = 17.0;
				LOCALIZATION_PREFERS_STRING_CATALOGS = YES;
				MTL_ENABLE_DEBUG_INFO = NO;
				MTL_FAST_MATH = YES;
				SDKROOT = iphoneos;
				SWIFT_COMPILATION_MODE = wholemodule;
				VALIDATE_PRODUCT = YES;
			};
			name = Release;
		};
		1D98D7B72B3D15FA00EA606A /* Debug */ = {
			isa = XCBuildConfiguration;
			buildSettings = {
				ALWAYS_EMBED_SWIFT_STANDARD_LIBRARIES = YES;
				ASSETCATALOG_COMPILER_APPICON_NAME = AppIcon;
				ASSETCATALOG_COMPILER_GLOBAL_ACCENT_COLOR_NAME = AccentColor;
				CODE_SIGN_STYLE = Automatic;
				CURRENT_PROJECT_VERSION = 1;
				DEVELOPMENT_ASSET_PATHS = "\"WidgetDemo/Preview Content\"";
				DEVELOPMENT_TEAM = 3D57ZF2MPX;
				ENABLE_PREVIEWS = YES;
				GENERATE_INFOPLIST_FILE = YES;
				INFOPLIST_KEY_UIApplicationSceneManifest_Generation = YES;
				INFOPLIST_KEY_UIApplicationSupportsIndirectInputEvents = YES;
				INFOPLIST_KEY_UILaunchScreen_Generation = YES;
				INFOPLIST_KEY_UISupportedInterfaceOrientations_iPad = "UIInterfaceOrientationPortrait UIInterfaceOrientationPortraitUpsideDown UIInterfaceOrientationLandscapeLeft UIInterfaceOrientationLandscapeRight";
				INFOPLIST_KEY_UISupportedInterfaceOrientations_iPhone = "UIInterfaceOrientationPortrait UIInterfaceOrientationLandscapeLeft UIInterfaceOrientationLandscapeRight";
				LD_RUNPATH_SEARCH_PATHS = (
					"$(inherited)",
					"@executable_path/Frameworks",
				);
				MARKETING_VERSION = 1.0;
				PRODUCT_BUNDLE_IDENTIFIER = com.htj7425.WidgetDemo;
				PRODUCT_NAME = "$(TARGET_NAME)";
				SWIFT_EMIT_LOC_STRINGS = YES;
				SWIFT_VERSION = 5.0;
				TARGETED_DEVICE_FAMILY = "1,2";
			};
			name = Debug;
		};
		1D98D7B82B3D15FA00EA606A /* Release */ = {
			isa = XCBuildConfiguration;
			buildSettings = {
				ALWAYS_EMBED_SWIFT_STANDARD_LIBRARIES = YES;
				ASSETCATALOG_COMPILER_APPICON_NAME = AppIcon;
				ASSETCATALOG_COMPILER_GLOBAL_ACCENT_COLOR_NAME = AccentColor;
				CODE_SIGN_STYLE = Automatic;
				CURRENT_PROJECT_VERSION = 1;
				DEVELOPMENT_ASSET_PATHS = "\"WidgetDemo/Preview Content\"";
				DEVELOPMENT_TEAM = 3D57ZF2MPX;
				ENABLE_PREVIEWS = YES;
				GENERATE_INFOPLIST_FILE = YES;
				INFOPLIST_KEY_UIApplicationSceneManifest_Generation = YES;
				INFOPLIST_KEY_UIApplicationSupportsIndirectInputEvents = YES;
				INFOPLIST_KEY_UILaunchScreen_Generation = YES;
				INFOPLIST_KEY_UISupportedInterfaceOrientations_iPad = "UIInterfaceOrientationPortrait UIInterfaceOrientationPortraitUpsideDown UIInterfaceOrientationLandscapeLeft UIInterfaceOrientationLandscapeRight";
				INFOPLIST_KEY_UISupportedInterfaceOrientations_iPhone = "UIInterfaceOrientationPortrait UIInterfaceOrientationLandscapeLeft UIInterfaceOrientationLandscapeRight";
				LD_RUNPATH_SEARCH_PATHS = (
					"$(inherited)",
					"@executable_path/Frameworks",
				);
				MARKETING_VERSION = 1.0;
				PRODUCT_BUNDLE_IDENTIFIER = com.htj7425.WidgetDemo;
				PRODUCT_NAME = "$(TARGET_NAME)";
				SWIFT_EMIT_LOC_STRINGS = YES;
				SWIFT_VERSION = 5.0;
				TARGETED_DEVICE_FAMILY = "1,2";
			};
			name = Release;
		};
		1D98D7D32B3D163200EA606A /* Debug */ = {
			isa = XCBuildConfiguration;
			buildSettings = {
				ASSETCATALOG_COMPILER_GLOBAL_ACCENT_COLOR_NAME = AccentColor;
				ASSETCATALOG_COMPILER_WIDGET_BACKGROUND_COLOR_NAME = weatherBackgroundColor;
				CODE_SIGN_STYLE = Automatic;
				CURRENT_PROJECT_VERSION = 1;
				DEVELOPMENT_TEAM = 3D57ZF2MPX;
				GENERATE_INFOPLIST_FILE = YES;
				INFOPLIST_FILE = WeatherWidget/Info.plist;
				INFOPLIST_KEY_CFBundleDisplayName = WeatherWidget;
				INFOPLIST_KEY_NSHumanReadableCopyright = "";
				LD_RUNPATH_SEARCH_PATHS = (
					"$(inherited)",
					"@executable_path/Frameworks",
					"@executable_path/../../Frameworks",
				);
				MARKETING_VERSION = 1.0;
				PRODUCT_BUNDLE_IDENTIFIER = com.htj7425.WidgetDemo.WeatherWidget;
				PRODUCT_NAME = "$(TARGET_NAME)";
				SKIP_INSTALL = YES;
				SWIFT_EMIT_LOC_STRINGS = YES;
				SWIFT_VERSION = 5.0;
				TARGETED_DEVICE_FAMILY = "1,2";
			};
			name = Debug;
		};
		1D98D7D42B3D163200EA606A /* Release */ = {
			isa = XCBuildConfiguration;
			buildSettings = {
				ASSETCATALOG_COMPILER_GLOBAL_ACCENT_COLOR_NAME = AccentColor;
				ASSETCATALOG_COMPILER_WIDGET_BACKGROUND_COLOR_NAME = weatherBackgroundColor;
				CODE_SIGN_STYLE = Automatic;
				CURRENT_PROJECT_VERSION = 1;
				DEVELOPMENT_TEAM = 3D57ZF2MPX;
				GENERATE_INFOPLIST_FILE = YES;
				INFOPLIST_FILE = WeatherWidget/Info.plist;
				INFOPLIST_KEY_CFBundleDisplayName = WeatherWidget;
				INFOPLIST_KEY_NSHumanReadableCopyright = "";
				LD_RUNPATH_SEARCH_PATHS = (
					"$(inherited)",
					"@executable_path/Frameworks",
					"@executable_path/../../Frameworks",
				);
				MARKETING_VERSION = 1.0;
				PRODUCT_BUNDLE_IDENTIFIER = com.htj7425.WidgetDemo.WeatherWidget;
				PRODUCT_NAME = "$(TARGET_NAME)";
				SKIP_INSTALL = YES;
				SWIFT_EMIT_LOC_STRINGS = YES;
				SWIFT_VERSION = 5.0;
				TARGETED_DEVICE_FAMILY = "1,2";
			};
			name = Release;
		};
/* End XCBuildConfiguration section */

/* Begin XCConfigurationList section */
		1D98D7A32B3D15F800EA606A /* Build configuration list for PBXProject "WidgetDemo" */ = {
			isa = XCConfigurationList;
			buildConfigurations = (
				1D98D7B42B3D15FA00EA606A /* Debug */,
				1D98D7B52B3D15FA00EA606A /* Release */,
			);
			defaultConfigurationIsVisible = 0;
			defaultConfigurationName = Release;
		};
		1D98D7B62B3D15FA00EA606A /* Build configuration list for PBXNativeTarget "WidgetDemo" */ = {
			isa = XCConfigurationList;
			buildConfigurations = (
				1D98D7B72B3D15FA00EA606A /* Debug */,
				1D98D7B82B3D15FA00EA606A /* Release */,
			);
			defaultConfigurationIsVisible = 0;
			defaultConfigurationName = Release;
		};
		1D98D7D22B3D163200EA606A /* Build configuration list for PBXNativeTarget "WeatherWidgetExtension" */ = {
			isa = XCConfigurationList;
			buildConfigurations = (
				1D98D7D32B3D163200EA606A /* Debug */,
				1D98D7D42B3D163200EA606A /* Release */,
			);
			defaultConfigurationIsVisible = 0;
			defaultConfigurationName = Release;
		};
/* End XCConfigurationList section */
	};
	rootObject = 1D98D7A02B3D15F800EA606A /* Project object */;
}
