// !$*UTF8*$!
{
	archiveVersion = 1;
	classes = {
	};
	objectVersion = 56;
	objects = {

/* Begin PBXBuildFile section */
		1DAD3C3A2B317447004CF500 /* AnimationDemoApp.swift in Sources */ = {isa = PBXBuildFile; fileRef = 1DAD3C392B317447004CF500 /* AnimationDemoApp.swift */; };
		1DAD3C3C2B317447004CF500 /* AniTutorialView.swift in Sources */ = {isa = PBXBuildFile; fileRef = 1DAD3C3B2B317447004CF500 /* AniTutorialView.swift */; };
		1DAD3C3E2B317449004CF500 /* Assets.xcassets in Resources */ = {isa = PBXBuildFile; fileRef = 1DAD3C3D2B317449004CF500 /* Assets.xcassets */; };
		1DAD3C412B317449004CF500 /* Preview Assets.xcassets in Resources */ = {isa = PBXBuildFile; fileRef = 1DAD3C402B317449004CF500 /* Preview Assets.xcassets */; };
		1DAD3C482B326BA6004CF500 /* AniNavigationMenuView.swift in Sources */ = {isa = PBXBuildFile; fileRef = 1DAD3C472B326BA6004CF500 /* AniNavigationMenuView.swift */; };
		1DAD3C4A2B3277C2004CF500 /* AniGradientView.swift in Sources */ = {isa = PBXBuildFile; fileRef = 1DAD3C492B3277C2004CF500 /* AniGradientView.swift */; };
		1DAD3C4C2B328C95004CF500 /* PhaseAnimatorView.swift in Sources */ = {isa = PBXBuildFile; fileRef = 1DAD3C4B2B328C95004CF500 /* PhaseAnimatorView.swift */; };
		1DAD3C4E2B32B00F004CF500 /* KeyframeAnimatorView.swift in Sources */ = {isa = PBXBuildFile; fileRef = 1DAD3C4D2B32B00F004CF500 /* KeyframeAnimatorView.swift */; };
		1DAD3C502B32BC5D004CF500 /* AnimatedSymbolEffectView.swift in Sources */ = {isa = PBXBuildFile; fileRef = 1DAD3C4F2B32BC5D004CF500 /* AnimatedSymbolEffectView.swift */; };
		1DAD3C522B32CD17004CF500 /* PracticeView.swift in Sources */ = {isa = PBXBuildFile; fileRef = 1DAD3C512B32CD17004CF500 /* PracticeView.swift */; };
		1DAD3C542B32CD92004CF500 /* EX01.swift in Sources */ = {isa = PBXBuildFile; fileRef = 1DAD3C532B32CD92004CF500 /* EX01.swift */; };
		1DAD3C562B32CD97004CF500 /* EX02.swift in Sources */ = {isa = PBXBuildFile; fileRef = 1DAD3C552B32CD97004CF500 /* EX02.swift */; };
/* End PBXBuildFile section */

/* Begin PBXFileReference section */
		1DAD3C362B317447004CF500 /* AnimationDemo.app */ = {isa = PBXFileReference; explicitFileType = wrapper.application; includeInIndex = 0; path = AnimationDemo.app; sourceTree = BUILT_PRODUCTS_DIR; };
		1DAD3C392B317447004CF500 /* AnimationDemoApp.swift */ = {isa = PBXFileReference; lastKnownFileType = sourcecode.swift; path = AnimationDemoApp.swift; sourceTree = "<group>"; };
		1DAD3C3B2B317447004CF500 /* AniTutorialView.swift */ = {isa = PBXFileReference; lastKnownFileType = sourcecode.swift; path = AniTutorialView.swift; sourceTree = "<group>"; };
		1DAD3C3D2B317449004CF500 /* Assets.xcassets */ = {isa = PBXFileReference; lastKnownFileType = folder.assetcatalog; path = Assets.xcassets; sourceTree = "<group>"; };
		1DAD3C402B317449004CF500 /* Preview Assets.xcassets */ = {isa = PBXFileReference; lastKnownFileType = folder.assetcatalog; path = "Preview Assets.xcassets"; sourceTree = "<group>"; };
		1DAD3C472B326BA6004CF500 /* AniNavigationMenuView.swift */ = {isa = PBXFileReference; lastKnownFileType = sourcecode.swift; path = AniNavigationMenuView.swift; sourceTree = "<group>"; };
		1DAD3C492B3277C2004CF500 /* AniGradientView.swift */ = {isa = PBXFileReference; lastKnownFileType = sourcecode.swift; path = AniGradientView.swift; sourceTree = "<group>"; };
		1DAD3C4B2B328C95004CF500 /* PhaseAnimatorView.swift */ = {isa = PBXFileReference; lastKnownFileType = sourcecode.swift; path = PhaseAnimatorView.swift; sourceTree = "<group>"; };
		1DAD3C4D2B32B00F004CF500 /* KeyframeAnimatorView.swift */ = {isa = PBXFileReference; lastKnownFileType = sourcecode.swift; path = KeyframeAnimatorView.swift; sourceTree = "<group>"; };
		1DAD3C4F2B32BC5D004CF500 /* AnimatedSymbolEffectView.swift */ = {isa = PBXFileReference; lastKnownFileType = sourcecode.swift; path = AnimatedSymbolEffectView.swift; sourceTree = "<group>"; };
		1DAD3C512B32CD17004CF500 /* PracticeView.swift */ = {isa = PBXFileReference; lastKnownFileType = sourcecode.swift; path = PracticeView.swift; sourceTree = "<group>"; };
		1DAD3C532B32CD92004CF500 /* EX01.swift */ = {isa = PBXFileReference; lastKnownFileType = sourcecode.swift; path = EX01.swift; sourceTree = "<group>"; };
		1DAD3C552B32CD97004CF500 /* EX02.swift */ = {isa = PBXFileReference; lastKnownFileType = sourcecode.swift; path = EX02.swift; sourceTree = "<group>"; };
/* End PBXFileReference section */

/* Begin PBXFrameworksBuildPhase section */
		1DAD3C332B317447004CF500 /* Frameworks */ = {
			isa = PBXFrameworksBuildPhase;
			buildActionMask = 2147483647;
			files = (
			);
			runOnlyForDeploymentPostprocessing = 0;
		};
/* End PBXFrameworksBuildPhase section */

/* Begin PBXGroup section */
		1DAD3C2D2B317447004CF500 = {
			isa = PBXGroup;
			children = (
				1DAD3C382B317447004CF500 /* AnimationDemo */,
				1DAD3C372B317447004CF500 /* Products */,
			);
			sourceTree = "<group>";
		};
		1DAD3C372B317447004CF500 /* Products */ = {
			isa = PBXGroup;
			children = (
				1DAD3C362B317447004CF500 /* AnimationDemo.app */,
			);
			name = Products;
			sourceTree = "<group>";
		};
		1DAD3C382B317447004CF500 /* AnimationDemo */ = {
			isa = PBXGroup;
			children = (
				1DAD3C392B317447004CF500 /* AnimationDemoApp.swift */,
				1DAD3C512B32CD17004CF500 /* PracticeView.swift */,
				1DAD3C532B32CD92004CF500 /* EX01.swift */,
				1DAD3C552B32CD97004CF500 /* EX02.swift */,
				1DAD3C4D2B32B00F004CF500 /* KeyframeAnimatorView.swift */,
				1DAD3C4F2B32BC5D004CF500 /* AnimatedSymbolEffectView.swift */,
				1DAD3C4B2B328C95004CF500 /* PhaseAnimatorView.swift */,
				1DAD3C472B326BA6004CF500 /* AniNavigationMenuView.swift */,
				1DAD3C492B3277C2004CF500 /* AniGradientView.swift */,
				1DAD3C3B2B317447004CF500 /* AniTutorialView.swift */,
				1DAD3C3D2B317449004CF500 /* Assets.xcassets */,
				1DAD3C3F2B317449004CF500 /* Preview Content */,
			);
			path = AnimationDemo;
			sourceTree = "<group>";
		};
		1DAD3C3F2B317449004CF500 /* Preview Content */ = {
			isa = PBXGroup;
			children = (
				1DAD3C402B317449004CF500 /* Preview Assets.xcassets */,
			);
			path = "Preview Content";
			sourceTree = "<group>";
		};
/* End PBXGroup section */

/* Begin PBXNativeTarget section */
		1DAD3C352B317447004CF500 /* AnimationDemo */ = {
			isa = PBXNativeTarget;
			buildConfigurationList = 1DAD3C442B317449004CF500 /* Build configuration list for PBXNativeTarget "AnimationDemo" */;
			buildPhases = (
				1DAD3C322B317447004CF500 /* Sources */,
				1DAD3C332B317447004CF500 /* Frameworks */,
				1DAD3C342B317447004CF500 /* Resources */,
			);
			buildRules = (
			);
			dependencies = (
			);
			name = AnimationDemo;
			productName = AnimationDemo;
			productReference = 1DAD3C362B317447004CF500 /* AnimationDemo.app */;
			productType = "com.apple.product-type.application";
		};
/* End PBXNativeTarget section */

/* Begin PBXProject section */
		1DAD3C2E2B317447004CF500 /* Project object */ = {
			isa = PBXProject;
			attributes = {
				BuildIndependentTargetsInParallel = 1;
				LastSwiftUpdateCheck = 1500;
				LastUpgradeCheck = 1500;
				TargetAttributes = {
					1DAD3C352B317447004CF500 = {
						CreatedOnToolsVersion = 15.0.1;
					};
				};
			};
			buildConfigurationList = 1DAD3C312B317447004CF500 /* Build configuration list for PBXProject "AnimationDemo" */;
			compatibilityVersion = "Xcode 14.0";
			developmentRegion = en;
			hasScannedForEncodings = 0;
			knownRegions = (
				en,
				Base,
			);
			mainGroup = 1DAD3C2D2B317447004CF500;
			productRefGroup = 1DAD3C372B317447004CF500 /* Products */;
			projectDirPath = "";
			projectRoot = "";
			targets = (
				1DAD3C352B317447004CF500 /* AnimationDemo */,
			);
		};
/* End PBXProject section */

/* Begin PBXResourcesBuildPhase section */
		1DAD3C342B317447004CF500 /* Resources */ = {
			isa = PBXResourcesBuildPhase;
			buildActionMask = 2147483647;
			files = (
				1DAD3C412B317449004CF500 /* Preview Assets.xcassets in Resources */,
				1DAD3C3E2B317449004CF500 /* Assets.xcassets in Resources */,
			);
			runOnlyForDeploymentPostprocessing = 0;
		};
/* End PBXResourcesBuildPhase section */

/* Begin PBXSourcesBuildPhase section */
		1DAD3C322B317447004CF500 /* Sources */ = {
			isa = PBXSourcesBuildPhase;
			buildActionMask = 2147483647;
			files = (
				1DAD3C3C2B317447004CF500 /* AniTutorialView.swift in Sources */,
				1DAD3C502B32BC5D004CF500 /* AnimatedSymbolEffectView.swift in Sources */,
				1DAD3C4E2B32B00F004CF500 /* KeyframeAnimatorView.swift in Sources */,
				1DAD3C522B32CD17004CF500 /* PracticeView.swift in Sources */,
				1DAD3C542B32CD92004CF500 /* EX01.swift in Sources */,
				1DAD3C4A2B3277C2004CF500 /* AniGradientView.swift in Sources */,
				1DAD3C482B326BA6004CF500 /* AniNavigationMenuView.swift in Sources */,
				1DAD3C3A2B317447004CF500 /* AnimationDemoApp.swift in Sources */,
				1DAD3C562B32CD97004CF500 /* EX02.swift in Sources */,
				1DAD3C4C2B328C95004CF500 /* PhaseAnimatorView.swift in Sources */,
			);
			runOnlyForDeploymentPostprocessing = 0;
		};
/* End PBXSourcesBuildPhase section */

/* Begin XCBuildConfiguration section */
		1DAD3C422B317449004CF500 /* Debug */ = {
			isa = XCBuildConfiguration;
			buildSettings = {
				ALWAYS_SEARCH_USER_PATHS = NO;
				ASSETCATALOG_COMPILER_GENERATE_SWIFT_ASSET_SYMBOL_EXTENSIONS = YES;
				CLANG_ANALYZER_NONNULL = YES;
				CLANG_ANALYZER_NUMBER_OBJECT_CONVERSION = YES_AGGRESSIVE;
				CLANG_CXX_LANGUAGE_STANDARD = "gnu++20";
				CLANG_ENABLE_MODULES = YES;
				CLANG_ENABLE_OBJC_ARC = YES;
				CLANG_ENABLE_OBJC_WEAK = YES;
				CLANG_WARN_BLOCK_CAPTURE_AUTORELEASING = YES;
				CLANG_WARN_BOOL_CONVERSION = YES;
				CLANG_WARN_COMMA = YES;
				CLANG_WARN_CONSTANT_CONVERSION = YES;
				CLANG_WARN_DEPRECATED_OBJC_IMPLEMENTATIONS = YES;
				CLANG_WARN_DIRECT_OBJC_ISA_USAGE = YES_ERROR;
				CLANG_WARN_DOCUMENTATION_COMMENTS = YES;
				CLANG_WARN_EMPTY_BODY = YES;
				CLANG_WARN_ENUM_CONVERSION = YES;
				CLANG_WARN_INFINITE_RECURSION = YES;
				CLANG_WARN_INT_CONVERSION = YES;
				CLANG_WARN_NON_LITERAL_NULL_CONVERSION = YES;
				CLANG_WARN_OBJC_IMPLICIT_RETAIN_SELF = YES;
				CLANG_WARN_OBJC_LITERAL_CONVERSION = YES;
				CLANG_WARN_OBJC_ROOT_CLASS = YES_ERROR;
				CLANG_WARN_QUOTED_INCLUDE_IN_FRAMEWORK_HEADER = YES;
				CLANG_WARN_RANGE_LOOP_ANALYSIS = YES;
				CLANG_WARN_STRICT_PROTOTYPES = YES;
				CLANG_WARN_SUSPICIOUS_MOVE = YES;
				CLANG_WARN_UNGUARDED_AVAILABILITY = YES_AGGRESSIVE;
				CLANG_WARN_UNREACHABLE_CODE = YES;
				CLANG_WARN__DUPLICATE_METHOD_MATCH = YES;
				COPY_PHASE_STRIP = NO;
				DEBUG_INFORMATION_FORMAT = dwarf;
				ENABLE_STRICT_OBJC_MSGSEND = YES;
				ENABLE_TESTABILITY = YES;
				ENABLE_USER_SCRIPT_SANDBOXING = YES;
				GCC_C_LANGUAGE_STANDARD = gnu17;
				GCC_DYNAMIC_NO_PIC = NO;
				GCC_NO_COMMON_BLOCKS = YES;
				GCC_OPTIMIZATION_LEVEL = 0;
				GCC_PREPROCESSOR_DEFINITIONS = (
					"DEBUG=1",
					"$(inherited)",
				);
				GCC_WARN_64_TO_32_BIT_CONVERSION = YES;
				GCC_WARN_ABOUT_RETURN_TYPE = YES_ERROR;
				GCC_WARN_UNDECLARED_SELECTOR = YES;
				GCC_WARN_UNINITIALIZED_AUTOS = YES_AGGRESSIVE;
				GCC_WARN_UNUSED_FUNCTION = YES;
				GCC_WARN_UNUSED_VARIABLE = YES;
				IPHONEOS_DEPLOYMENT_TARGET = 17.0;
				LOCALIZATION_PREFERS_STRING_CATALOGS = YES;
				MTL_ENABLE_DEBUG_INFO = INCLUDE_SOURCE;
				MTL_FAST_MATH = YES;
				ONLY_ACTIVE_ARCH = YES;
				SDKROOT = iphoneos;
				SWIFT_ACTIVE_COMPILATION_CONDITIONS = "DEBUG $(inherited)";
				SWIFT_OPTIMIZATION_LEVEL = "-Onone";
			};
			name = Debug;
		};
		1DAD3C432B317449004CF500 /* Release */ = {
			isa = XCBuildConfiguration;
			buildSettings = {
				ALWAYS_SEARCH_USER_PATHS = NO;
				ASSETCATALOG_COMPILER_GENERATE_SWIFT_ASSET_SYMBOL_EXTENSIONS = YES;
				CLANG_ANALYZER_NONNULL = YES;
				CLANG_ANALYZER_NUMBER_OBJECT_CONVERSION = YES_AGGRESSIVE;
				CLANG_CXX_LANGUAGE_STANDARD = "gnu++20";
				CLANG_ENABLE_MODULES = YES;
				CLANG_ENABLE_OBJC_ARC = YES;
				CLANG_ENABLE_OBJC_WEAK = YES;
				CLANG_WARN_BLOCK_CAPTURE_AUTORELEASING = YES;
				CLANG_WARN_BOOL_CONVERSION = YES;
				CLANG_WARN_COMMA = YES;
				CLANG_WARN_CONSTANT_CONVERSION = YES;
				CLANG_WARN_DEPRECATED_OBJC_IMPLEMENTATIONS = YES;
				CLANG_WARN_DIRECT_OBJC_ISA_USAGE = YES_ERROR;
				CLANG_WARN_DOCUMENTATION_COMMENTS = YES;
				CLANG_WARN_EMPTY_BODY = YES;
				CLANG_WARN_ENUM_CONVERSION = YES;
				CLANG_WARN_INFINITE_RECURSION = YES;
				CLANG_WARN_INT_CONVERSION = YES;
				CLANG_WARN_NON_LITERAL_NULL_CONVERSION = YES;
				CLANG_WARN_OBJC_IMPLICIT_RETAIN_SELF = YES;
				CLANG_WARN_OBJC_LITERAL_CONVERSION = YES;
				CLANG_WARN_OBJC_ROOT_CLASS = YES_ERROR;
				CLANG_WARN_QUOTED_INCLUDE_IN_FRAMEWORK_HEADER = YES;
				CLANG_WARN_RANGE_LOOP_ANALYSIS = YES;
				CLANG_WARN_STRICT_PROTOTYPES = YES;
				CLANG_WARN_SUSPICIOUS_MOVE = YES;
				CLANG_WARN_UNGUARDED_AVAILABILITY = YES_AGGRESSIVE;
				CLANG_WARN_UNREACHABLE_CODE = YES;
				CLANG_WARN__DUPLICATE_METHOD_MATCH = YES;
				COPY_PHASE_STRIP = NO;
				DEBUG_INFORMATION_FORMAT = "dwarf-with-dsym";
				ENABLE_NS_ASSERTIONS = NO;
				ENABLE_STRICT_OBJC_MSGSEND = YES;
				ENABLE_USER_SCRIPT_SANDBOXING = YES;
				GCC_C_LANGUAGE_STANDARD = gnu17;
				GCC_NO_COMMON_BLOCKS = YES;
				GCC_WARN_64_TO_32_BIT_CONVERSION = YES;
				GCC_WARN_ABOUT_RETURN_TYPE = YES_ERROR;
				GCC_WARN_UNDECLARED_SELECTOR = YES;
				GCC_WARN_UNINITIALIZED_AUTOS = YES_AGGRESSIVE;
				GCC_WARN_UNUSED_FUNCTION = YES;
				GCC_WARN_UNUSED_VARIABLE = YES;
				IPHONEOS_DEPLOYMENT_TARGET = 17.0;
				LOCALIZATION_PREFERS_STRING_CATALOGS = YES;
				MTL_ENABLE_DEBUG_INFO = NO;
				MTL_FAST_MATH = YES;
				SDKROOT = iphoneos;
				SWIFT_COMPILATION_MODE = wholemodule;
				VALIDATE_PRODUCT = YES;
			};
			name = Release;
		};
		1DAD3C452B317449004CF500 /* Debug */ = {
			isa = XCBuildConfiguration;
			buildSettings = {
				ASSETCATALOG_COMPILER_APPICON_NAME = AppIcon;
				ASSETCATALOG_COMPILER_GLOBAL_ACCENT_COLOR_NAME = AccentColor;
				CODE_SIGN_STYLE = Automatic;
				CURRENT_PROJECT_VERSION = 1;
				DEVELOPMENT_ASSET_PATHS = "\"AnimationDemo/Preview Content\"";
				DEVELOPMENT_TEAM = 3D57ZF2MPX;
				ENABLE_PREVIEWS = YES;
				GENERATE_INFOPLIST_FILE = YES;
				INFOPLIST_KEY_UIApplicationSceneManifest_Generation = YES;
				INFOPLIST_KEY_UIApplicationSupportsIndirectInputEvents = YES;
				INFOPLIST_KEY_UILaunchScreen_Generation = YES;
				INFOPLIST_KEY_UISupportedInterfaceOrientations_iPad = "UIInterfaceOrientationPortrait UIInterfaceOrientationPortraitUpsideDown UIInterfaceOrientationLandscapeLeft UIInterfaceOrientationLandscapeRight";
				INFOPLIST_KEY_UISupportedInterfaceOrientations_iPhone = "UIInterfaceOrientationPortrait UIInterfaceOrientationLandscapeLeft UIInterfaceOrientationLandscapeRight";
				LD_RUNPATH_SEARCH_PATHS = (
					"$(inherited)",
					"@executable_path/Frameworks",
				);
				MARKETING_VERSION = 1.0;
				PRODUCT_BUNDLE_IDENTIFIER = com.htj7425.AnimationDemo;
				PRODUCT_NAME = "$(TARGET_NAME)";
				SWIFT_EMIT_LOC_STRINGS = YES;
				SWIFT_VERSION = 5.0;
				TARGETED_DEVICE_FAMILY = "1,2";
			};
			name = Debug;
		};
		1DAD3C462B317449004CF500 /* Release */ = {
			isa = XCBuildConfiguration;
			buildSettings = {
				ASSETCATALOG_COMPILER_APPICON_NAME = AppIcon;
				ASSETCATALOG_COMPILER_GLOBAL_ACCENT_COLOR_NAME = AccentColor;
				CODE_SIGN_STYLE = Automatic;
				CURRENT_PROJECT_VERSION = 1;
				DEVELOPMENT_ASSET_PATHS = "\"AnimationDemo/Preview Content\"";
				DEVELOPMENT_TEAM = 3D57ZF2MPX;
				ENABLE_PREVIEWS = YES;
				GENERATE_INFOPLIST_FILE = YES;
				INFOPLIST_KEY_UIApplicationSceneManifest_Generation = YES;
				INFOPLIST_KEY_UIApplicationSupportsIndirectInputEvents = YES;
				INFOPLIST_KEY_UILaunchScreen_Generation = YES;
				INFOPLIST_KEY_UISupportedInterfaceOrientations_iPad = "UIInterfaceOrientationPortrait UIInterfaceOrientationPortraitUpsideDown UIInterfaceOrientationLandscapeLeft UIInterfaceOrientationLandscapeRight";
				INFOPLIST_KEY_UISupportedInterfaceOrientations_iPhone = "UIInterfaceOrientationPortrait UIInterfaceOrientationLandscapeLeft UIInterfaceOrientationLandscapeRight";
				LD_RUNPATH_SEARCH_PATHS = (
					"$(inherited)",
					"@executable_path/Frameworks",
				);
				MARKETING_VERSION = 1.0;
				PRODUCT_BUNDLE_IDENTIFIER = com.htj7425.AnimationDemo;
				PRODUCT_NAME = "$(TARGET_NAME)";
				SWIFT_EMIT_LOC_STRINGS = YES;
				SWIFT_VERSION = 5.0;
				TARGETED_DEVICE_FAMILY = "1,2";
			};
			name = Release;
		};
/* End XCBuildConfiguration section */

/* Begin XCConfigurationList section */
		1DAD3C312B317447004CF500 /* Build configuration list for PBXProject "AnimationDemo" */ = {
			isa = XCConfigurationList;
			buildConfigurations = (
				1DAD3C422B317449004CF500 /* Debug */,
				1DAD3C432B317449004CF500 /* Release */,
			);
			defaultConfigurationIsVisible = 0;
			defaultConfigurationName = Release;
		};
		1DAD3C442B317449004CF500 /* Build configuration list for PBXNativeTarget "AnimationDemo" */ = {
			isa = XCConfigurationList;
			buildConfigurations = (
				1DAD3C452B317449004CF500 /* Debug */,
				1DAD3C462B317449004CF500 /* Release */,
			);
			defaultConfigurationIsVisible = 0;
			defaultConfigurationName = Release;
		};
/* End XCConfigurationList section */
	};
	rootObject = 1DAD3C2E2B317447004CF500 /* Project object */;
}
